lockfileVersion: '9.0'

settings:
  autoInstallPeers: true
  excludeLinksFromLockfile: false

importers:

  .:
    dependencies:
      '@radix-ui/react-dialog':
        specifier: ^1.0.4
        version: 1.0.4(@types/react@19.2.7)(react-dom@18.3.1(react@19.0.0-rc-fb9a90fa48-20240614))(react@19.0.0-rc-fb9a90fa48-20240614)
      '@types/hoist-non-react-statics':
        specifier: latest
        version: 3.3.7(@types/react@19.2.7)
      '@types/node':
        specifier: latest
        version: 24.10.1
      '@types/react':
        specifier: latest
        version: 19.2.7
      class-variance-authority:
        specifier: ^0.7.1
        version: 0.7.1
      clsx:
        specifier: ^2.1.1
        version: 2.1.1
      date-fns:
        specifier: latest
        version: 4.1.0
      lucide-react:
        specifier: ^0.454.0
        version: 0.454.0(react@19.0.0-rc-fb9a90fa48-20240614)
      react-day-picker:
        specifier: latest
        version: 9.11.3(react@19.0.0-rc-fb9a90fa48-20240614)
      react-dnd:
        specifier: latest
        version: 16.0.1(@types/hoist-non-react-statics@3.3.7(@types/react@19.2.7))(@types/node@24.10.1)(@types/react@19.2.7)(react@19.0.0-rc-fb9a90fa48-20240614)
      react-dnd-html5-backend:
        specifier: latest
        version: 16.0.1
      recharts:
        specifier: latest
        version: 3.5.1(@types/react@19.2.7)(react-dom@18.3.1(react@19.0.0-rc-fb9a90fa48-20240614))(react-is@16.13.1)(react@19.0.0-rc-fb9a90fa48-20240614)(redux@5.0.1)
      tailwind-merge:
        specifier: ^2.5.5
        version: 2.5.5
      tailwindcss-animate:
        specifier: ^1.0.7
        version: 1.0.7
    devDependencies:
      postcss:
        specifier: ^8.5
        version: 8.5.0
      typescript:
        specifier: ^5
        version: 5.0.2

packages:

  '@babel/runtime@7.28.4':
    resolution: {integrity: sha512-Q/N6JNWvIvPnLDvjlE1OUBLPQHH6l3CltCEsHIujp45zQUSSh8K+gHnaEX45yAT1nyngnINhvWtzN+Nb9D8RAQ==}
    engines: {node: '>=6.9.0'}

  '@date-fns/tz@1.4.1':
    resolution: {integrity: sha512-P5LUNhtbj6YfI3iJjw5EL9eUAG6OitD0W3fWQcpQjDRc/QIsL0tRNuO1PcDvPccWL1fSTXXdE1ds+l95DV/OFA==}

  '@radix-ui/primitive@1.0.1':
    resolution: {integrity: sha512-yQ8oGX2GVsEYMWGxcovu1uGWPCxV5BFfeeYxqPmuAzUyLT9qmaMXSAhXpb0WrspIeqYzdJpkh2vHModJPgRIaw==}

  '@radix-ui/react-compose-refs@1.0.1':
    resolution: {integrity: sha512-fDSBgd44FKHa1FRMU59qBMPFcl2PZE+2nmqunj+BWFyYYjnhIDWL2ItDs3rrbJDQOtzt5nIebLCQc4QRfz6LJw==}
    peerDependencies:
      '@types/react': '*'
      react: ^16.8 || ^17.0 || ^18.0
    peerDependenciesMeta:
      '@types/react':
        optional: true

  '@radix-ui/react-context@1.0.1':
    resolution: {integrity: sha512-ebbrdFoYTcuZ0v4wG5tedGnp9tzcV8awzsxYph7gXUyvnNLuTIcCk1q17JEbnVhXAKG9oX3KtchwiMIAYp9NLg==}
    peerDependencies:
      '@types/react': '*'
      react: ^16.8 || ^17.0 || ^18.0
    peerDependenciesMeta:
      '@types/react':
        optional: true

  '@radix-ui/react-dialog@1.0.4':
    resolution: {integrity: sha512-hJtRy/jPULGQZceSAP2Re6/4NpKo8im6V8P2hUqZsdFiSL8l35kYsw3qbRI6Ay5mQd2+wlLqje770eq+RJ3yZg==}
    peerDependencies:
      '@types/react': '*'
      '@types/react-dom': '*'
      react: ^16.8 || ^17.0 || ^18.0
      react-dom: ^16.8 || ^17.0 || ^18.0
    peerDependenciesMeta:
      '@types/react':
        optional: true
      '@types/react-dom':
        optional: true

  '@radix-ui/react-dismissable-layer@1.0.4':
    resolution: {integrity: sha512-7UpBa/RKMoHJYjie1gkF1DlK8l1fdU/VKDpoS3rCCo8YBJR294GwcEHyxHw72yvphJ7ld0AXEcSLAzY2F/WyCg==}
    peerDependencies:
      '@types/react': '*'
      '@types/react-dom': '*'
      react: ^16.8 || ^17.0 || ^18.0
      react-dom: ^16.8 || ^17.0 || ^18.0
    peerDependenciesMeta:
      '@types/react':
        optional: true
      '@types/react-dom':
        optional: true

  '@radix-ui/react-focus-guards@1.0.1':
    resolution: {integrity: sha512-Rect2dWbQ8waGzhMavsIbmSVCgYxkXLxxR3ZvCX79JOglzdEy4JXMb98lq4hPxUbLr77nP0UOGf4rcMU+s1pUA==}
    peerDependencies:
      '@types/react': '*'
      react: ^16.8 || ^17.0 || ^18.0
    peerDependenciesMeta:
      '@types/react':
        optional: true

  '@radix-ui/react-focus-scope@1.0.3':
    resolution: {integrity: sha512-upXdPfqI4islj2CslyfUBNlaJCPybbqRHAi1KER7Isel9Q2AtSJ0zRBZv8mWQiFXD2nyAJ4BhC3yXgZ6kMBSrQ==}
    peerDependencies:
      '@types/react': '*'
      '@types/react-dom': '*'
      react: ^16.8 || ^17.0 || ^18.0
      react-dom: ^16.8 || ^17.0 || ^18.0
    peerDependenciesMeta:
      '@types/react':
        optional: true
      '@types/react-dom':
        optional: true

  '@radix-ui/react-id@1.0.1':
    resolution: {integrity: sha512-tI7sT/kqYp8p96yGWY1OAnLHrqDgzHefRBKQ2YAkBS5ja7QLcZ9Z/uY7bEjPUatf8RomoXM8/1sMj1IJaE5UzQ==}
    peerDependencies:
      '@types/react': '*'
      react: ^16.8 || ^17.0 || ^18.0
    peerDependenciesMeta:
      '@types/react':
        optional: true

  '@radix-ui/react-portal@1.0.3':
    resolution: {integrity: sha512-xLYZeHrWoPmA5mEKEfZZevoVRK/Q43GfzRXkWV6qawIWWK8t6ifIiLQdd7rmQ4Vk1bmI21XhqF9BN3jWf+phpA==}
    peerDependencies:
      '@types/react': '*'
      '@types/react-dom': '*'
      react: ^16.8 || ^17.0 || ^18.0
      react-dom: ^16.8 || ^17.0 || ^18.0
    peerDependenciesMeta:
      '@types/react':
        optional: true
      '@types/react-dom':
        optional: true

  '@radix-ui/react-presence@1.0.1':
    resolution: {integrity: sha512-UXLW4UAbIY5ZjcvzjfRFo5gxva8QirC9hF7wRE4U5gz+TP0DbRk+//qyuAQ1McDxBt1xNMBTaciFGvEmJvAZCg==}
    peerDependencies:
      '@types/react': '*'
      '@types/react-dom': '*'
      react: ^16.8 || ^17.0 || ^18.0
      react-dom: ^16.8 || ^17.0 || ^18.0
    peerDependenciesMeta:
      '@types/react':
        optional: true
      '@types/react-dom':
        optional: true

  '@radix-ui/react-primitive@1.0.3':
    resolution: {integrity: sha512-yi58uVyoAcK/Nq1inRY56ZSjKypBNKTa/1mcL8qdl6oJeEaDbOldlzrGn7P6Q3Id5d+SYNGc5AJgc4vGhjs5+g==}
    peerDependencies:
      '@types/react': '*'
      '@types/react-dom': '*'
      react: ^16.8 || ^17.0 || ^18.0
      react-dom: ^16.8 || ^17.0 || ^18.0
    peerDependenciesMeta:
      '@types/react':
        optional: true
      '@types/react-dom':
        optional: true

  '@radix-ui/react-slot@1.0.2':
    resolution: {integrity: sha512-YeTpuq4deV+6DusvVUW4ivBgnkHwECUu0BiN43L5UCDFgdhsRUWAghhTF5MbvNTPzmiFOx90asDSUjWuCNapwg==}
    peerDependencies:
      '@types/react': '*'
      react: ^16.8 || ^17.0 || ^18.0
    peerDependenciesMeta:
      '@types/react':
        optional: true

  '@radix-ui/react-use-callback-ref@1.0.1':
    resolution: {integrity: sha512-D94LjX4Sp0xJFVaoQOd3OO9k7tpBYNOXdVhkltUbGv2Qb9OXdrg/CpsjlZv7ia14Sylv398LswWBVVu5nqKzAQ==}
    peerDependencies:
      '@types/react': '*'
      react: ^16.8 || ^17.0 || ^18.0
    peerDependenciesMeta:
      '@types/react':
        optional: true

  '@radix-ui/react-use-controllable-state@1.0.1':
    resolution: {integrity: sha512-Svl5GY5FQeN758fWKrjM6Qb7asvXeiZltlT4U2gVfl8Gx5UAv2sMR0LWo8yhsIZh2oQ0eFdZ59aoOOMV7b47VA==}
    peerDependencies:
      '@types/react': '*'
      react: ^16.8 || ^17.0 || ^18.0
    peerDependenciesMeta:
      '@types/react':
        optional: true

  '@radix-ui/react-use-escape-keydown@1.0.3':
    resolution: {integrity: sha512-vyL82j40hcFicA+M4Ex7hVkB9vHgSse1ZWomAqV2Je3RleKGO5iM8KMOEtfoSB0PnIelMd2lATjTGMYqN5ylTg==}
    peerDependencies:
      '@types/react': '*'
      react: ^16.8 || ^17.0 || ^18.0
    peerDependenciesMeta:
      '@types/react':
        optional: true

  '@radix-ui/react-use-layout-effect@1.0.1':
    resolution: {integrity: sha512-v/5RegiJWYdoCvMnITBkNNx6bCj20fiaJnWtRkU18yITptraXjffz5Qbn05uOiQnOvi+dbkznkoaMltz1GnszQ==}
    peerDependencies:
      '@types/react': '*'
      react: ^16.8 || ^17.0 || ^18.0
    peerDependenciesMeta:
      '@types/react':
        optional: true

  '@react-dnd/asap@5.0.2':
    resolution: {integrity: sha512-WLyfoHvxhs0V9U+GTsGilGgf2QsPl6ZZ44fnv0/b8T3nQyvzxidxsg/ZltbWssbsRDlYW8UKSQMTGotuTotZ6A==}

  '@react-dnd/invariant@4.0.2':
    resolution: {integrity: sha512-xKCTqAK/FFauOM9Ta2pswIyT3D8AQlfrYdOi/toTPEhqCuAs1v5tcJ3Y08Izh1cJ5Jchwy9SeAXmMg6zrKs2iw==}

  '@react-dnd/shallowequal@4.0.2':
    resolution: {integrity: sha512-/RVXdLvJxLg4QKvMoM5WlwNR9ViO9z8B/qPcc+C0Sa/teJY7QG7kJ441DwzOjMYEY7GmU4dj5EcGHIkKZiQZCA==}

  '@reduxjs/toolkit@2.11.0':
    resolution: {integrity: sha512-hBjYg0aaRL1O2Z0IqWhnTLytnjDIxekmRxm1snsHjHaKVmIF1HiImWqsq+PuEbn6zdMlkIj9WofK1vR8jjx+Xw==}
    peerDependencies:
      react: ^16.9.0 || ^17.0.0 || ^18 || ^19
      react-redux: ^7.2.1 || ^8.1.3 || ^9.0.0
    peerDependenciesMeta:
      react:
        optional: true
      react-redux:
        optional: true

  '@standard-schema/spec@1.0.0':
    resolution: {integrity: sha512-m2bOd0f2RT9k8QJx1JN85cZYyH1RqFBdlwtkSlf4tBDYLCiiZnv1fIIwacK6cqwXavOydf0NPToMQgpKq+dVlA==}

  '@standard-schema/utils@0.3.0':
    resolution: {integrity: sha512-e7Mew686owMaPJVNNLs55PUvgz371nKgwsc4vxE49zsODpJEnxgxRo2y/OKrqueavXgZNMDVj3DdHFlaSAeU8g==}

  '@types/d3-array@3.2.2':
    resolution: {integrity: sha512-hOLWVbm7uRza0BYXpIIW5pxfrKe0W+D5lrFiAEYR+pb6w3N2SwSMaJbXdUfSEv+dT4MfHBLtn5js0LAWaO6otw==}

  '@types/d3-color@3.1.3':
    resolution: {integrity: sha512-iO90scth9WAbmgv7ogoq57O9YpKmFBbmoEoCHDB2xMBY0+/KVrqAaCDyCE16dUspeOvIxFFRI+0sEtqDqy2b4A==}

  '@types/d3-ease@3.0.2':
    resolution: {integrity: sha512-NcV1JjO5oDzoK26oMzbILE6HW7uVXOHLQvHshBUW4UMdZGfiY6v5BeQwh9a9tCzv+CeefZQHJt5SRgK154RtiA==}

  '@types/d3-interpolate@3.0.4':
    resolution: {integrity: sha512-mgLPETlrpVV1YRJIglr4Ez47g7Yxjl1lj7YKsiMCb27VJH9W8NVM6Bb9d8kkpG/uAQS5AmbA48q2IAolKKo1MA==}

  '@types/d3-path@3.1.1':
    resolution: {integrity: sha512-VMZBYyQvbGmWyWVea0EHs/BwLgxc+MKi1zLDCONksozI4YJMcTt8ZEuIR4Sb1MMTE8MMW49v0IwI5+b7RmfWlg==}

  '@types/d3-scale@4.0.9':
    resolution: {integrity: sha512-dLmtwB8zkAeO/juAMfnV+sItKjlsw2lKdZVVy6LRr0cBmegxSABiLEpGVmSJJ8O08i4+sGR6qQtb6WtuwJdvVw==}

  '@types/d3-shape@3.1.7':
    resolution: {integrity: sha512-VLvUQ33C+3J+8p+Daf+nYSOsjB4GXp19/S/aGo60m9h1v6XaxjiT82lKVWJCfzhtuZ3yD7i/TPeC/fuKLLOSmg==}

  '@types/d3-time@3.0.4':
    resolution: {integrity: sha512-yuzZug1nkAAaBlBBikKZTgzCeA+k1uy4ZFwWANOfKw5z5LRhV0gNA7gNkKm7HoK+HRN0wX3EkxGk0fpbWhmB7g==}

  '@types/d3-timer@3.0.2':
    resolution: {integrity: sha512-Ps3T8E8dZDam6fUyNiMkekK3XUsaUEik+idO9/YjPtfj2qruF8tFBXS7XhtE4iIXBLxhmLjP3SXpLhVf21I9Lw==}

  '@types/hoist-non-react-statics@3.3.7':
    resolution: {integrity: sha512-PQTyIulDkIDro8P+IHbKCsw7U2xxBYflVzW/FgWdCAePD9xGSidgA76/GeJ6lBKoblyhf9pBY763gbrN+1dI8g==}
    peerDependencies:
      '@types/react': '*'

  '@types/node@24.10.1':
    resolution: {integrity: sha512-GNWcUTRBgIRJD5zj+Tq0fKOJ5XZajIiBroOF0yvj2bSU1WvNdYS/dn9UxwsujGW4JX06dnHyjV2y9rRaybH0iQ==}

  '@types/react@19.2.7':
    resolution: {integrity: sha512-MWtvHrGZLFttgeEj28VXHxpmwYbor/ATPYbBfSFZEIRK0ecCFLl2Qo55z52Hss+UV9CRN7trSeq1zbgx7YDWWg==}

  '@types/use-sync-external-store@0.0.6':
    resolution: {integrity: sha512-zFDAD+tlpf2r4asuHEj0XH6pY6i0g5NeAHPn+15wk3BV6JA69eERFXC1gyGThDkVa1zCyKr5jox1+2LbV/AMLg==}

  aria-hidden@1.2.6:
    resolution: {integrity: sha512-ik3ZgC9dY/lYVVM++OISsaYDeg1tb0VtP5uL3ouh1koGOaUMDPpbFIei4JkFimWUFPn90sbMNMXQAIVOlnYKJA==}
    engines: {node: '>=10'}

  class-variance-authority@0.7.1:
    resolution: {integrity: sha512-Ka+9Trutv7G8M6WT6SeiRWz792K5qEqIGEGzXKhAE6xOWAY6pPH8U+9IY3oCMv6kqTmLsv7Xh/2w2RigkePMsg==}

  clsx@2.1.1:
    resolution: {integrity: sha512-eYm0QWBtUrBWZWG0d386OGAw16Z995PiOVo2B7bjWSbHedGl5e0ZWaq65kOGgUSNesEIDkB9ISbTg/JK9dhCZA==}
    engines: {node: '>=6'}

  csstype@3.2.3:
    resolution: {integrity: sha512-z1HGKcYy2xA8AGQfwrn0PAy+PB7X/GSj3UVJW9qKyn43xWa+gl5nXmU4qqLMRzWVLFC8KusUX8T/0kCiOYpAIQ==}

  d3-array@3.2.4:
    resolution: {integrity: sha512-tdQAmyA18i4J7wprpYq8ClcxZy3SC31QMeByyCFyRt7BVHdREQZ5lpzoe5mFEYZUWe+oq8HBvk9JjpibyEV4Jg==}
    engines: {node: '>=12'}

  d3-color@3.1.0:
    resolution: {integrity: sha512-zg/chbXyeBtMQ1LbD/WSoW2DpC3I0mpmPdW+ynRTj/x2DAWYrIY7qeZIHidozwV24m4iavr15lNwIwLxRmOxhA==}
    engines: {node: '>=12'}

  d3-ease@3.0.1:
    resolution: {integrity: sha512-wR/XK3D3XcLIZwpbvQwQ5fK+8Ykds1ip7A2Txe0yxncXSdq1L9skcG7blcedkOX+ZcgxGAmLX1FrRGbADwzi0w==}
    engines: {node: '>=12'}

  d3-format@3.1.0:
    resolution: {integrity: sha512-YyUI6AEuY/Wpt8KWLgZHsIU86atmikuoOmCfommt0LYHiQSPjvX2AcFc38PX0CBpr2RCyZhjex+NS/LPOv6YqA==}
    engines: {node: '>=12'}

  d3-interpolate@3.0.1:
    resolution: {integrity: sha512-3bYs1rOD33uo8aqJfKP3JWPAibgw8Zm2+L9vBKEHJ2Rg+viTR7o5Mmv5mZcieN+FRYaAOWX5SJATX6k1PWz72g==}
    engines: {node: '>=12'}

  d3-path@3.1.0:
    resolution: {integrity: sha512-p3KP5HCf/bvjBSSKuXid6Zqijx7wIfNW+J/maPs+iwR35at5JCbLUT0LzF1cnjbCHWhqzQTIN2Jpe8pRebIEFQ==}
    engines: {node: '>=12'}

  d3-scale@4.0.2:
    resolution: {integrity: sha512-GZW464g1SH7ag3Y7hXjf8RoUuAFIqklOAq3MRl4OaWabTFJY9PN/E1YklhXLh+OQ3fM9yS2nOkCoS+WLZ6kvxQ==}
    engines: {node: '>=12'}

  d3-shape@3.2.0:
    resolution: {integrity: sha512-SaLBuwGm3MOViRq2ABk3eLoxwZELpH6zhl3FbAoJ7Vm1gofKx6El1Ib5z23NUEhF9AsGl7y+dzLe5Cw2AArGTA==}
    engines: {node: '>=12'}

  d3-time-format@4.1.0:
    resolution: {integrity: sha512-dJxPBlzC7NugB2PDLwo9Q8JiTR3M3e4/XANkreKSUxF8vvXKqm1Yfq4Q5dl8budlunRVlUUaDUgFt7eA8D6NLg==}
    engines: {node: '>=12'}

  d3-time@3.1.0:
    resolution: {integrity: sha512-VqKjzBLejbSMT4IgbmVgDjpkYrNWUYJnbCGo874u7MMKIWsILRX+OpX/gTk8MqjpT1A/c6HY2dCA77ZN0lkQ2Q==}
    engines: {node: '>=12'}

  d3-timer@3.0.1:
    resolution: {integrity: sha512-ndfJ/JxxMd3nw31uyKoY2naivF+r29V+Lc0svZxe1JvvIRmi8hUsrMvdOwgS1o6uBHmiz91geQ0ylPP0aj1VUA==}
    engines: {node: '>=12'}

  date-fns-jalali@4.1.0-0:
    resolution: {integrity: sha512-hTIP/z+t+qKwBDcmmsnmjWTduxCg+5KfdqWQvb2X/8C9+knYY6epN/pfxdDuyVlSVeFz0sM5eEfwIUQ70U4ckg==}

  date-fns@4.1.0:
    resolution: {integrity: sha512-Ukq0owbQXxa/U3EGtsdVBkR1w7KOQ5gIBqdH2hkvknzZPYvBxb/aa6E8L7tmjFtkwZBu3UXBbjIgPo/Ez4xaNg==}

  decimal.js-light@2.5.1:
    resolution: {integrity: sha512-qIMFpTMZmny+MMIitAB6D7iVPEorVw6YQRWkvarTkT4tBeSLLiHzcwj6q0MmYSFCiVpiqPJTJEYIrpcPzVEIvg==}

  detect-node-es@1.1.0:
    resolution: {integrity: sha512-ypdmJU/TbBby2Dxibuv7ZLW3Bs1QEmM7nHjEANfohJLvE0XVujisn1qPJcZxg+qDucsr+bP6fLD1rPS3AhJ7EQ==}

  dnd-core@16.0.1:
    resolution: {integrity: sha512-HK294sl7tbw6F6IeuK16YSBUoorvHpY8RHO+9yFfaJyCDVb6n7PRcezrOEOa2SBCqiYpemh5Jx20ZcjKdFAVng==}

  es-toolkit@1.42.0:
    resolution: {integrity: sha512-SLHIyY7VfDJBM8clz4+T2oquwTQxEzu263AyhVK4jREOAwJ+8eebaa4wM3nlvnAqhDrMm2EsA6hWHaQsMPQ1nA==}

  eventemitter3@5.0.1:
    resolution: {integrity: sha512-GWkBvjiSZK87ELrYOSESUYeVIc9mvLLf/nXalMOS5dYrgZq9o5OVkbZAVM06CVxYsCwH9BDZFPlQTlPA1j4ahA==}

  fast-deep-equal@3.1.3:
    resolution: {integrity: sha512-f3qQ9oQy9j2AhBe/H9VC91wLmKBCCU/gDOnKNAYG5hswO7BLKj09Hc5HYNz9cGI++xlpDCIgDaitVs03ATR84Q==}

  get-nonce@1.0.1:
    resolution: {integrity: sha512-FJhYRoDaiatfEkUK8HKlicmu/3SGFD51q3itKDGoSTysQJBnfOcxU5GxnhE1E6soB76MbT0MBtnKJuXyAx+96Q==}
    engines: {node: '>=6'}

  hoist-non-react-statics@3.3.2:
    resolution: {integrity: sha512-/gGivxi8JPKWNm/W0jSmzcMPpfpPLc3dY/6GxhX2hQ9iGj3aDfklV4ET7NjKpSinLpJ5vafa9iiGIEZg10SfBw==}

  immer@10.2.0:
    resolution: {integrity: sha512-d/+XTN3zfODyjr89gM3mPq1WNX2B8pYsu7eORitdwyA2sBubnTl3laYlBk4sXY5FUa5qTZGBDPJICVbvqzjlbw==}

  immer@11.0.1:
    resolution: {integrity: sha512-naDCyggtcBWANtIrjQEajhhBEuL9b0Zg4zmlWK2CzS6xCWSE39/vvf4LqnMjUAWHBhot4m9MHCM/Z+mfWhUkiA==}

  internmap@2.0.3:
    resolution: {integrity: sha512-5Hh7Y1wQbvY5ooGgPbDaL5iYLAPzMTUrjMulskHLH6wnv/A+1q5rgEaiuqEjB+oxGXIVZs1FF+R/KPN3ZSQYYg==}
    engines: {node: '>=12'}

  js-tokens@4.0.0:
    resolution: {integrity: sha512-RdJUflcE3cUzKiMqQgsCu06FPu9UdIJO0beYbPhHN4k6apgJtifcoCtT9bcxOpYBtpD2kCM6Sbzg4CausW/PKQ==}

  loose-envify@1.4.0:
    resolution: {integrity: sha512-lyuxPGr/Wfhrlem2CL/UcnUc1zcqKAImBDzukY7Y5F/yQiNdko6+fRLevlw1HgMySw7f611UIY408EtxRSoK3Q==}
    hasBin: true

  lucide-react@0.454.0:
    resolution: {integrity: sha512-hw7zMDwykCLnEzgncEEjHeA6+45aeEzRYuKHuyRSOPkhko+J3ySGjGIzu+mmMfDFG1vazHepMaYFYHbTFAZAAQ==}
    peerDependencies:
      react: ^16.5.1 || ^17.0.0 || ^18.0.0 || ^19.0.0-rc

  nanoid@3.3.11:
    resolution: {integrity: sha512-N8SpfPUnUp1bK+PMYW8qSWdl9U+wwNWI4QKxOYDy9JAro3WMX7p2OeVRF9v+347pnakNevPmiHhNmZ2HbFA76w==}
    engines: {node: ^10 || ^12 || ^13.7 || ^14 || >=15.0.1}
    hasBin: true

  picocolors@1.1.1:
    resolution: {integrity: sha512-xceH2snhtb5M9liqDsmEw56le376mTZkEX/jEb/RxNFyegNul7eNslCXP9FDj/Lcu0X8KEyMceP2ntpaHrDEVA==}

  postcss@8.5.0:
    resolution: {integrity: sha512-27VKOqrYfPncKA2NrFOVhP5MGAfHKLYn/Q0mz9cNQyRAKYi3VNHwYU2qKKqPCqgBmeeJ0uAFB56NumXZ5ZReXg==}
    engines: {node: ^10 || ^12 || >=14}

  react-day-picker@9.11.3:
    resolution: {integrity: sha512-7lD12UvGbkyXqgzbYIGQTbl+x29B9bAf+k0pP5Dcs1evfpKk6zv4EdH/edNc8NxcmCiTNXr2HIYPrSZ3XvmVBg==}
    engines: {node: '>=18'}
    peerDependencies:
      react: '>=16.8.0'

  react-dnd-html5-backend@16.0.1:
    resolution: {integrity: sha512-Wu3dw5aDJmOGw8WjH1I1/yTH+vlXEL4vmjk5p+MHxP8HuHJS1lAGeIdG/hze1AvNeXWo/JgULV87LyQOr+r5jw==}

  react-dnd@16.0.1:
    resolution: {integrity: sha512-QeoM/i73HHu2XF9aKksIUuamHPDvRglEwdHL4jsp784BgUuWcg6mzfxT0QDdQz8Wj0qyRKx2eMg8iZtWvU4E2Q==}
    peerDependencies:
      '@types/hoist-non-react-statics': '>= 3.3.1'
      '@types/node': '>= 12'
      '@types/react': '>= 16'
      react: '>= 16.14'
    peerDependenciesMeta:
      '@types/hoist-non-react-statics':
        optional: true
      '@types/node':
        optional: true
      '@types/react':
        optional: true

  react-dom@18.3.1:
    resolution: {integrity: sha512-5m4nQKp+rZRb09LNH59GM4BxTh9251/ylbKIbpe7TpGxfJ+9kv6BLkLBXIjjspbgbnIBNqlI23tRnTWT0snUIw==}
    peerDependencies:
      react: ^18.3.1

  react-is@16.13.1:
    resolution: {integrity: sha512-24e6ynE2H+OKt4kqsOvNd8kBpV65zoxbA4BVsEOB3ARVWQki/DHzaUoC5KuON/BiccDaCCTZBuOcfZs70kR8bQ==}

  react-redux@9.2.0:
    resolution: {integrity: sha512-ROY9fvHhwOD9ySfrF0wmvu//bKCQ6AeZZq1nJNtbDC+kk5DuSuNX/n6YWYF/SYy7bSba4D4FSz8DJeKY/S/r+g==}
    peerDependencies:
      '@types/react': ^18.2.25 || ^19
      react: ^18.0 || ^19
      redux: ^5.0.0
    peerDependenciesMeta:
      '@types/react':
        optional: true
      redux:
        optional: true

  react-remove-scroll-bar@2.3.8:
    resolution: {integrity: sha512-9r+yi9+mgU33AKcj6IbT9oRCO78WriSj6t/cF8DWBZJ9aOGPOTEDvdUDz1FwKim7QXWwmHqtdHnRJfhAxEG46Q==}
    engines: {node: '>=10'}
    peerDependencies:
      '@types/react': '*'
      react: ^16.8.0 || ^17.0.0 || ^18.0.0 || ^19.0.0
    peerDependenciesMeta:
      '@types/react':
        optional: true

  react-remove-scroll@2.5.5:
    resolution: {integrity: sha512-ImKhrzJJsyXJfBZ4bzu8Bwpka14c/fQt0k+cyFp/PBhTfyDnU5hjOtM4AG/0AMyy8oKzOTR0lDgJIM7pYXI0kw==}
    engines: {node: '>=10'}
    peerDependencies:
      '@types/react': ^16.8.0 || ^17.0.0 || ^18.0.0
      react: ^16.8.0 || ^17.0.0 || ^18.0.0
    peerDependenciesMeta:
      '@types/react':
        optional: true

  react-style-singleton@2.2.3:
    resolution: {integrity: sha512-b6jSvxvVnyptAiLjbkWLE/lOnR4lfTtDAl+eUC7RZy+QQWc6wRzIV2CE6xBuMmDxc2qIihtDCZD5NPOFl7fRBQ==}
    engines: {node: '>=10'}
    peerDependencies:
      '@types/react': '*'
      react: ^16.8.0 || ^17.0.0 || ^18.0.0 || ^19.0.0 || ^19.0.0-rc
    peerDependenciesMeta:
      '@types/react':
        optional: true

  react@19.0.0-rc-fb9a90fa48-20240614:
    resolution: {integrity: sha512-nvE3Gy+IOIfH/DXhkyxFVQSrITarFcQz4+shzC/McxQXEUSonpw2oDy/Wi9hdDtV3hlP12VYuDL95iiBREedNQ==}
    engines: {node: '>=0.10.0'}

  recharts@3.5.1:
    resolution: {integrity: sha512-+v+HJojK7gnEgG6h+b2u7k8HH7FhyFUzAc4+cPrsjL4Otdgqr/ecXzAnHciqlzV1ko064eNcsdzrYOM78kankA==}
    engines: {node: '>=18'}
    peerDependencies:
      react: ^16.8.0 || ^17.0.0 || ^18.0.0 || ^19.0.0
      react-dom: ^16.0.0 || ^17.0.0 || ^18.0.0 || ^19.0.0
      react-is: ^16.8.0 || ^17.0.0 || ^18.0.0 || ^19.0.0

  redux-thunk@3.1.0:
    resolution: {integrity: sha512-NW2r5T6ksUKXCabzhL9z+h206HQw/NJkcLm1GPImRQ8IzfXwRGqjVhKJGauHirT0DAuyy6hjdnMZaRoAcy0Klw==}
    peerDependencies:
      redux: ^5.0.0

  redux@4.2.1:
    resolution: {integrity: sha512-LAUYz4lc+Do8/g7aeRa8JkyDErK6ekstQaqWQrNRW//MY1TvCEpMtpTWvlQ+FPbWCx+Xixu/6SHt5N0HR+SB4w==}

  redux@5.0.1:
    resolution: {integrity: sha512-M9/ELqF6fy8FwmkpnF0S3YKOqMyoWJ4+CS5Efg2ct3oY9daQvd/Pc71FpGZsVsbl3Cpb+IIcjBDUnnyBdQbq4w==}

  reselect@5.1.1:
    resolution: {integrity: sha512-K/BG6eIky/SBpzfHZv/dd+9JBFiS4SWV7FIujVyJRux6e45+73RaUHXLmIR1f7WOMaQ0U1km6qwklRQxpJJY0w==}

  scheduler@0.23.2:
    resolution: {integrity: sha512-UOShsPwz7NrMUqhR6t0hWjFduvOzbtv7toDH1/hIrfRNIDBnnBWd0CwJTGvTpngVlmwGCdP9/Zl/tVrDqcuYzQ==}

  source-map-js@1.2.1:
    resolution: {integrity: sha512-UXWMKhLOwVKb728IUtQPXxfYU+usdybtUrK/8uGE8CQMvrhOpwvzDBwj0QhSL7MQc7vIsISBG8VQ8+IDQxpfQA==}
    engines: {node: '>=0.10.0'}

  tailwind-merge@2.5.5:
    resolution: {integrity: sha512-0LXunzzAZzo0tEPxV3I297ffKZPlKDrjj7NXphC8V5ak9yHC5zRmxnOe2m/Rd/7ivsOMJe3JZ2JVocoDdQTRBA==}

  tailwindcss-animate@1.0.7:
    resolution: {integrity: sha512-bl6mpH3T7I3UFxuvDEXLxy/VuFxBk5bbzplh7tXI68mwMokNYd1t9qPBHlnyTwfa4JGC4zP516I1hYYtQ/vspA==}
    peerDependencies:
      tailwindcss: '>=3.0.0 || insiders'

  tiny-invariant@1.3.3:
    resolution: {integrity: sha512-+FbBPE1o9QAYvviau/qC5SE3caw21q3xkvWKBtja5vgqOWIHHJ3ioaq1VPfn/Szqctz2bU/oYeKd9/z5BL+PVg==}

  tslib@2.8.1:
    resolution: {integrity: sha512-oJFu94HQb+KVduSUQL7wnpmqnfmLsOA/nAh6b6EH0wCEoK0/mPeXU6c3wKDV83MkOuHPRHtSXKKU99IBazS/2w==}

  typescript@5.0.2:
    resolution: {integrity: sha512-wVORMBGO/FAs/++blGNeAVdbNKtIh1rbBL2EyQ1+J9lClJ93KiiKe8PmFIVdXhHcyv44SL9oglmfeSsndo0jRw==}
    engines: {node: '>=12.20'}
    hasBin: true

  undici-types@7.16.0:
    resolution: {integrity: sha512-Zz+aZWSj8LE6zoxD+xrjh4VfkIG8Ya6LvYkZqtUQGJPZjYl53ypCaUwWqo7eI0x66KBGeRo+mlBEkMSeSZ38Nw==}

  use-callback-ref@1.3.3:
    resolution: {integrity: sha512-jQL3lRnocaFtu3V00JToYz/4QkNWswxijDaCVNZRiRTO3HQDLsdu1ZtmIUvV4yPp+rvWm5j0y0TG/S61cuijTg==}
    engines: {node: '>=10'}
    peerDependencies:
      '@types/react': '*'
      react: ^16.8.0 || ^17.0.0 || ^18.0.0 || ^19.0.0 || ^19.0.0-rc
    peerDependenciesMeta:
      '@types/react':
        optional: true

  use-sidecar@1.1.3:
    resolution: {integrity: sha512-Fedw0aZvkhynoPYlA5WXrMCAMm+nSWdZt6lzJQ7Ok8S6Q+VsHmHpRWndVRJ8Be0ZbkfPc5LRYH+5XrzXcEeLRQ==}
    engines: {node: '>=10'}
    peerDependencies:
      '@types/react': '*'
      react: ^16.8.0 || ^17.0.0 || ^18.0.0 || ^19.0.0 || ^19.0.0-rc
    peerDependenciesMeta:
      '@types/react':
        optional: true

  use-sync-external-store@1.6.0:
    resolution: {integrity: sha512-Pp6GSwGP/NrPIrxVFAIkOQeyw8lFenOHijQWkUTrDvrF4ALqylP2C/KCkeS9dpUM3KvYRQhna5vt7IL95+ZQ9w==}
    peerDependencies:
      react: ^16.8.0 || ^17.0.0 || ^18.0.0 || ^19.0.0

  victory-vendor@37.3.6:
    resolution: {integrity: sha512-SbPDPdDBYp+5MJHhBCAyI7wKM3d5ivekigc2Dk2s7pgbZ9wIgIBYGVw4zGHBml/qTFbexrofXW6Gu4noGxrOwQ==}

snapshots:

  '@babel/runtime@7.28.4': {}

  '@date-fns/tz@1.4.1': {}

  '@radix-ui/primitive@1.0.1':
    dependencies:
      '@babel/runtime': 7.28.4

  '@radix-ui/react-compose-refs@1.0.1(@types/react@19.2.7)(react@19.0.0-rc-fb9a90fa48-20240614)':
    dependencies:
      '@babel/runtime': 7.28.4
      react: 19.0.0-rc-fb9a90fa48-20240614
    optionalDependencies:
      '@types/react': 19.2.7

  '@radix-ui/react-context@1.0.1(@types/react@19.2.7)(react@19.0.0-rc-fb9a90fa48-20240614)':
    dependencies:
      '@babel/runtime': 7.28.4
      react: 19.0.0-rc-fb9a90fa48-20240614
    optionalDependencies:
      '@types/react': 19.2.7

  '@radix-ui/react-dialog@1.0.4(@types/react@19.2.7)(react-dom@18.3.1(react@19.0.0-rc-fb9a90fa48-20240614))(react@19.0.0-rc-fb9a90fa48-20240614)':
    dependencies:
      '@babel/runtime': 7.28.4
      '@radix-ui/primitive': 1.0.1
      '@radix-ui/react-compose-refs': 1.0.1(@types/react@19.2.7)(react@19.0.0-rc-fb9a90fa48-20240614)
      '@radix-ui/react-context': 1.0.1(@types/react@19.2.7)(react@19.0.0-rc-fb9a90fa48-20240614)
      '@radix-ui/react-dismissable-layer': 1.0.4(@types/react@19.2.7)(react-dom@18.3.1(react@19.0.0-rc-fb9a90fa48-20240614))(react@19.0.0-rc-fb9a90fa48-20240614)
      '@radix-ui/react-focus-guards': 1.0.1(@types/react@19.2.7)(react@19.0.0-rc-fb9a90fa48-20240614)
      '@radix-ui/react-focus-scope': 1.0.3(@types/react@19.2.7)(react-dom@18.3.1(react@19.0.0-rc-fb9a90fa48-20240614))(react@19.0.0-rc-fb9a90fa48-20240614)
      '@radix-ui/react-id': 1.0.1(@types/react@19.2.7)(react@19.0.0-rc-fb9a90fa48-20240614)
      '@radix-ui/react-portal': 1.0.3(@types/react@19.2.7)(react-dom@18.3.1(react@19.0.0-rc-fb9a90fa48-20240614))(react@19.0.0-rc-fb9a90fa48-20240614)
      '@radix-ui/react-presence': 1.0.1(@types/react@19.2.7)(react-dom@18.3.1(react@19.0.0-rc-fb9a90fa48-20240614))(react@19.0.0-rc-fb9a90fa48-20240614)
      '@radix-ui/react-primitive': 1.0.3(@types/react@19.2.7)(react-dom@18.3.1(react@19.0.0-rc-fb9a90fa48-20240614))(react@19.0.0-rc-fb9a90fa48-20240614)
      '@radix-ui/react-slot': 1.0.2(@types/react@19.2.7)(react@19.0.0-rc-fb9a90fa48-20240614)
      '@radix-ui/react-use-controllable-state': 1.0.1(@types/react@19.2.7)(react@19.0.0-rc-fb9a90fa48-20240614)
      aria-hidden: 1.2.6
      react: 19.0.0-rc-fb9a90fa48-20240614
      react-dom: 18.3.1(react@19.0.0-rc-fb9a90fa48-20240614)
      react-remove-scroll: 2.5.5(@types/react@19.2.7)(react@19.0.0-rc-fb9a90fa48-20240614)
    optionalDependencies:
      '@types/react': 19.2.7

  '@radix-ui/react-dismissable-layer@1.0.4(@types/react@19.2.7)(react-dom@18.3.1(react@19.0.0-rc-fb9a90fa48-20240614))(react@19.0.0-rc-fb9a90fa48-20240614)':
    dependencies:
      '@babel/runtime': 7.28.4
      '@radix-ui/primitive': 1.0.1
      '@radix-ui/react-compose-refs': 1.0.1(@types/react@19.2.7)(react@19.0.0-rc-fb9a90fa48-20240614)
      '@radix-ui/react-primitive': 1.0.3(@types/react@19.2.7)(react-dom@18.3.1(react@19.0.0-rc-fb9a90fa48-20240614))(react@19.0.0-rc-fb9a90fa48-20240614)
      '@radix-ui/react-use-callback-ref': 1.0.1(@types/react@19.2.7)(react@19.0.0-rc-fb9a90fa48-20240614)
      '@radix-ui/react-use-escape-keydown': 1.0.3(@types/react@19.2.7)(react@19.0.0-rc-fb9a90fa48-20240614)
      react: 19.0.0-rc-fb9a90fa48-20240614
      react-dom: 18.3.1(react@19.0.0-rc-fb9a90fa48-20240614)
    optionalDependencies:
      '@types/react': 19.2.7

  '@radix-ui/react-focus-guards@1.0.1(@types/react@19.2.7)(react@19.0.0-rc-fb9a90fa48-20240614)':
    dependencies:
      '@babel/runtime': 7.28.4
      react: 19.0.0-rc-fb9a90fa48-20240614
    optionalDependencies:
      '@types/react': 19.2.7

  '@radix-ui/react-focus-scope@1.0.3(@types/react@19.2.7)(react-dom@18.3.1(react@19.0.0-rc-fb9a90fa48-20240614))(react@19.0.0-rc-fb9a90fa48-20240614)':
    dependencies:
      '@babel/runtime': 7.28.4
      '@radix-ui/react-compose-refs': 1.0.1(@types/react@19.2.7)(react@19.0.0-rc-fb9a90fa48-20240614)
      '@radix-ui/react-primitive': 1.0.3(@types/react@19.2.7)(react-dom@18.3.1(react@19.0.0-rc-fb9a90fa48-20240614))(react@19.0.0-rc-fb9a90fa48-20240614)
      '@radix-ui/react-use-callback-ref': 1.0.1(@types/react@19.2.7)(react@19.0.0-rc-fb9a90fa48-20240614)
      react: 19.0.0-rc-fb9a90fa48-20240614
      react-dom: 18.3.1(react@19.0.0-rc-fb9a90fa48-20240614)
    optionalDependencies:
      '@types/react': 19.2.7

  '@radix-ui/react-id@1.0.1(@types/react@19.2.7)(react@19.0.0-rc-fb9a90fa48-20240614)':
    dependencies:
      '@babel/runtime': 7.28.4
      '@radix-ui/react-use-layout-effect': 1.0.1(@types/react@19.2.7)(react@19.0.0-rc-fb9a90fa48-20240614)
      react: 19.0.0-rc-fb9a90fa48-20240614
    optionalDependencies:
      '@types/react': 19.2.7

  '@radix-ui/react-portal@1.0.3(@types/react@19.2.7)(react-dom@18.3.1(react@19.0.0-rc-fb9a90fa48-20240614))(react@19.0.0-rc-fb9a90fa48-20240614)':
    dependencies:
      '@babel/runtime': 7.28.4
      '@radix-ui/react-primitive': 1.0.3(@types/react@19.2.7)(react-dom@18.3.1(react@19.0.0-rc-fb9a90fa48-20240614))(react@19.0.0-rc-fb9a90fa48-20240614)
      react: 19.0.0-rc-fb9a90fa48-20240614
      react-dom: 18.3.1(react@19.0.0-rc-fb9a90fa48-20240614)
    optionalDependencies:
      '@types/react': 19.2.7

  '@radix-ui/react-presence@1.0.1(@types/react@19.2.7)(react-dom@18.3.1(react@19.0.0-rc-fb9a90fa48-20240614))(react@19.0.0-rc-fb9a90fa48-20240614)':
    dependencies:
      '@babel/runtime': 7.28.4
      '@radix-ui/react-compose-refs': 1.0.1(@types/react@19.2.7)(react@19.0.0-rc-fb9a90fa48-20240614)
      '@radix-ui/react-use-layout-effect': 1.0.1(@types/react@19.2.7)(react@19.0.0-rc-fb9a90fa48-20240614)
      react: 19.0.0-rc-fb9a90fa48-20240614
      react-dom: 18.3.1(react@19.0.0-rc-fb9a90fa48-20240614)
    optionalDependencies:
      '@types/react': 19.2.7

  '@radix-ui/react-primitive@1.0.3(@types/react@19.2.7)(react-dom@18.3.1(react@19.0.0-rc-fb9a90fa48-20240614))(react@19.0.0-rc-fb9a90fa48-20240614)':
    dependencies:
      '@babel/runtime': 7.28.4
      '@radix-ui/react-slot': 1.0.2(@types/react@19.2.7)(react@19.0.0-rc-fb9a90fa48-20240614)
      react: 19.0.0-rc-fb9a90fa48-20240614
      react-dom: 18.3.1(react@19.0.0-rc-fb9a90fa48-20240614)
    optionalDependencies:
      '@types/react': 19.2.7

  '@radix-ui/react-slot@1.0.2(@types/react@19.2.7)(react@19.0.0-rc-fb9a90fa48-20240614)':
    dependencies:
      '@babel/runtime': 7.28.4
      '@radix-ui/react-compose-refs': 1.0.1(@types/react@19.2.7)(react@19.0.0-rc-fb9a90fa48-20240614)
      react: 19.0.0-rc-fb9a90fa48-20240614
    optionalDependencies:
      '@types/react': 19.2.7

  '@radix-ui/react-use-callback-ref@1.0.1(@types/react@19.2.7)(react@19.0.0-rc-fb9a90fa48-20240614)':
    dependencies:
      '@babel/runtime': 7.28.4
      react: 19.0.0-rc-fb9a90fa48-20240614
    optionalDependencies:
      '@types/react': 19.2.7

  '@radix-ui/react-use-controllable-state@1.0.1(@types/react@19.2.7)(react@19.0.0-rc-fb9a90fa48-20240614)':
    dependencies:
      '@babel/runtime': 7.28.4
      '@radix-ui/react-use-callback-ref': 1.0.1(@types/react@19.2.7)(react@19.0.0-rc-fb9a90fa48-20240614)
      react: 19.0.0-rc-fb9a90fa48-20240614
    optionalDependencies:
      '@types/react': 19.2.7

  '@radix-ui/react-use-escape-keydown@1.0.3(@types/react@19.2.7)(react@19.0.0-rc-fb9a90fa48-20240614)':
    dependencies:
      '@babel/runtime': 7.28.4
      '@radix-ui/react-use-callback-ref': 1.0.1(@types/react@19.2.7)(react@19.0.0-rc-fb9a90fa48-20240614)
      react: 19.0.0-rc-fb9a90fa48-20240614
    optionalDependencies:
      '@types/react': 19.2.7

  '@radix-ui/react-use-layout-effect@1.0.1(@types/react@19.2.7)(react@19.0.0-rc-fb9a90fa48-20240614)':
    dependencies:
      '@babel/runtime': 7.28.4
      react: 19.0.0-rc-fb9a90fa48-20240614
    optionalDependencies:
      '@types/react': 19.2.7

  '@react-dnd/asap@5.0.2': {}

  '@react-dnd/invariant@4.0.2': {}

  '@react-dnd/shallowequal@4.0.2': {}

  '@reduxjs/toolkit@2.11.0(react-redux@9.2.0(@types/react@19.2.7)(react@19.0.0-rc-fb9a90fa48-20240614)(redux@5.0.1))(react@19.0.0-rc-fb9a90fa48-20240614)':
    dependencies:
      '@standard-schema/spec': 1.0.0
      '@standard-schema/utils': 0.3.0
      immer: 11.0.1
      redux: 5.0.1
      redux-thunk: 3.1.0(redux@5.0.1)
      reselect: 5.1.1
    optionalDependencies:
      react: 19.0.0-rc-fb9a90fa48-20240614
      react-redux: 9.2.0(@types/react@19.2.7)(react@19.0.0-rc-fb9a90fa48-20240614)(redux@5.0.1)

  '@standard-schema/spec@1.0.0': {}

  '@standard-schema/utils@0.3.0': {}

  '@types/d3-array@3.2.2': {}

  '@types/d3-color@3.1.3': {}

  '@types/d3-ease@3.0.2': {}

  '@types/d3-interpolate@3.0.4':
    dependencies:
      '@types/d3-color': 3.1.3

  '@types/d3-path@3.1.1': {}

  '@types/d3-scale@4.0.9':
    dependencies:
      '@types/d3-time': 3.0.4

  '@types/d3-shape@3.1.7':
    dependencies:
      '@types/d3-path': 3.1.1

  '@types/d3-time@3.0.4': {}

  '@types/d3-timer@3.0.2': {}

  '@types/hoist-non-react-statics@3.3.7(@types/react@19.2.7)':
    dependencies:
      '@types/react': 19.2.7
      hoist-non-react-statics: 3.3.2

  '@types/node@24.10.1':
    dependencies:
      undici-types: 7.16.0

  '@types/react@19.2.7':
    dependencies:
      csstype: 3.2.3

  '@types/use-sync-external-store@0.0.6': {}

  aria-hidden@1.2.6:
    dependencies:
      tslib: 2.8.1

  class-variance-authority@0.7.1:
    dependencies:
      clsx: 2.1.1

  clsx@2.1.1: {}

  csstype@3.2.3: {}

  d3-array@3.2.4:
    dependencies:
      internmap: 2.0.3

  d3-color@3.1.0: {}

  d3-ease@3.0.1: {}

  d3-format@3.1.0: {}

  d3-interpolate@3.0.1:
    dependencies:
      d3-color: 3.1.0

  d3-path@3.1.0: {}

  d3-scale@4.0.2:
    dependencies:
      d3-array: 3.2.4
      d3-format: 3.1.0
      d3-interpolate: 3.0.1
      d3-time: 3.1.0
      d3-time-format: 4.1.0

  d3-shape@3.2.0:
    dependencies:
      d3-path: 3.1.0

  d3-time-format@4.1.0:
    dependencies:
      d3-time: 3.1.0

  d3-time@3.1.0:
    dependencies:
      d3-array: 3.2.4

  d3-timer@3.0.1: {}

  date-fns-jalali@4.1.0-0: {}

  date-fns@4.1.0: {}

  decimal.js-light@2.5.1: {}

  detect-node-es@1.1.0: {}

  dnd-core@16.0.1:
    dependencies:
      '@react-dnd/asap': 5.0.2
      '@react-dnd/invariant': 4.0.2
      redux: 4.2.1

  es-toolkit@1.42.0: {}

  eventemitter3@5.0.1: {}

  fast-deep-equal@3.1.3: {}

  get-nonce@1.0.1: {}

  hoist-non-react-statics@3.3.2:
    dependencies:
      react-is: 16.13.1

  immer@10.2.0: {}

  immer@11.0.1: {}

  internmap@2.0.3: {}

  js-tokens@4.0.0: {}

  loose-envify@1.4.0:
    dependencies:
      js-tokens: 4.0.0

  lucide-react@0.454.0(react@19.0.0-rc-fb9a90fa48-20240614):
    dependencies:
      react: 19.0.0-rc-fb9a90fa48-20240614

  nanoid@3.3.11: {}

  picocolors@1.1.1: {}

  postcss@8.5.0:
    dependencies:
      nanoid: 3.3.11
      picocolors: 1.1.1
      source-map-js: 1.2.1

  react-day-picker@9.11.3(react@19.0.0-rc-fb9a90fa48-20240614):
    dependencies:
      '@date-fns/tz': 1.4.1
      date-fns: 4.1.0
      date-fns-jalali: 4.1.0-0
      react: 19.0.0-rc-fb9a90fa48-20240614

  react-dnd-html5-backend@16.0.1:
    dependencies:
      dnd-core: 16.0.1

  react-dnd@16.0.1(@types/hoist-non-react-statics@3.3.7(@types/react@19.2.7))(@types/node@24.10.1)(@types/react@19.2.7)(react@19.0.0-rc-fb9a90fa48-20240614):
    dependencies:
      '@react-dnd/invariant': 4.0.2
      '@react-dnd/shallowequal': 4.0.2
      dnd-core: 16.0.1
      fast-deep-equal: 3.1.3
      hoist-non-react-statics: 3.3.2
      react: 19.0.0-rc-fb9a90fa48-20240614
    optionalDependencies:
      '@types/hoist-non-react-statics': 3.3.7(@types/react@19.2.7)
      '@types/node': 24.10.1
      '@types/react': 19.2.7

  react-dom@18.3.1(react@19.0.0-rc-fb9a90fa48-20240614):
    dependencies:
      loose-envify: 1.4.0
      react: 19.0.0-rc-fb9a90fa48-20240614
      scheduler: 0.23.2

  react-is@16.13.1: {}

  react-redux@9.2.0(@types/react@19.2.7)(react@19.0.0-rc-fb9a90fa48-20240614)(redux@5.0.1):
    dependencies:
      '@types/use-sync-external-store': 0.0.6
      react: 19.0.0-rc-fb9a90fa48-20240614
      use-sync-external-store: 1.6.0(react@19.0.0-rc-fb9a90fa48-20240614)
    optionalDependencies:
      '@types/react': 19.2.7
      redux: 5.0.1

  react-remove-scroll-bar@2.3.8(@types/react@19.2.7)(react@19.0.0-rc-fb9a90fa48-20240614):
    dependencies:
      react: 19.0.0-rc-fb9a90fa48-20240614
      react-style-singleton: 2.2.3(@types/react@19.2.7)(react@19.0.0-rc-fb9a90fa48-20240614)
      tslib: 2.8.1
    optionalDependencies:
      '@types/react': 19.2.7

  react-remove-scroll@2.5.5(@types/react@19.2.7)(react@19.0.0-rc-fb9a90fa48-20240614):
    dependencies:
      react: 19.0.0-rc-fb9a90fa48-20240614
      react-remove-scroll-bar: 2.3.8(@types/react@19.2.7)(react@19.0.0-rc-fb9a90fa48-20240614)
      react-style-singleton: 2.2.3(@types/react@19.2.7)(react@19.0.0-rc-fb9a90fa48-20240614)
      tslib: 2.8.1
      use-callback-ref: 1.3.3(@types/react@19.2.7)(react@19.0.0-rc-fb9a90fa48-20240614)
      use-sidecar: 1.1.3(@types/react@19.2.7)(react@19.0.0-rc-fb9a90fa48-20240614)
    optionalDependencies:
      '@types/react': 19.2.7

  react-style-singleton@2.2.3(@types/react@19.2.7)(react@19.0.0-rc-fb9a90fa48-20240614):
    dependencies:
      get-nonce: 1.0.1
      react: 19.0.0-rc-fb9a90fa48-20240614
      tslib: 2.8.1
    optionalDependencies:
      '@types/react': 19.2.7

  react@19.0.0-rc-fb9a90fa48-20240614: {}

  recharts@3.5.1(@types/react@19.2.7)(react-dom@18.3.1(react@19.0.0-rc-fb9a90fa48-20240614))(react-is@16.13.1)(react@19.0.0-rc-fb9a90fa48-20240614)(redux@5.0.1):
    dependencies:
      '@reduxjs/toolkit': 2.11.0(react-redux@9.2.0(@types/react@19.2.7)(react@19.0.0-rc-fb9a90fa48-20240614)(redux@5.0.1))(react@19.0.0-rc-fb9a90fa48-20240614)
      clsx: 2.1.1
      decimal.js-light: 2.5.1
      es-toolkit: 1.42.0
      eventemitter3: 5.0.1
      immer: 10.2.0
      react: 19.0.0-rc-fb9a90fa48-20240614
      react-dom: 18.3.1(react@19.0.0-rc-fb9a90fa48-20240614)
      react-is: 16.13.1
      react-redux: 9.2.0(@types/react@19.2.7)(react@19.0.0-rc-fb9a90fa48-20240614)(redux@5.0.1)
      reselect: 5.1.1
      tiny-invariant: 1.3.3
      use-sync-external-store: 1.6.0(react@19.0.0-rc-fb9a90fa48-20240614)
      victory-vendor: 37.3.6
    transitivePeerDependencies:
      - '@types/react'
      - redux

  redux-thunk@3.1.0(redux@5.0.1):
    dependencies:
      redux: 5.0.1

  redux@4.2.1:
    dependencies:
      '@babel/runtime': 7.28.4

  redux@5.0.1: {}

  reselect@5.1.1: {}

  scheduler@0.23.2:
    dependencies:
      loose-envify: 1.4.0

  source-map-js@1.2.1: {}

  tailwind-merge@2.5.5: {}

  tailwindcss-animate@1.0.7: {}

  tiny-invariant@1.3.3: {}

  tslib@2.8.1: {}

  typescript@5.0.2: {}

  undici-types@7.16.0: {}

  use-callback-ref@1.3.3(@types/react@19.2.7)(react@19.0.0-rc-fb9a90fa48-20240614):
    dependencies:
      react: 19.0.0-rc-fb9a90fa48-20240614
      tslib: 2.8.1
    optionalDependencies:
      '@types/react': 19.2.7

  use-sidecar@1.1.3(@types/react@19.2.7)(react@19.0.0-rc-fb9a90fa48-20240614):
    dependencies:
      detect-node-es: 1.1.0
      react: 19.0.0-rc-fb9a90fa48-20240614
      tslib: 2.8.1
    optionalDependencies:
      '@types/react': 19.2.7

  use-sync-external-store@1.6.0(react@19.0.0-rc-fb9a90fa48-20240614):
    dependencies:
      react: 19.0.0-rc-fb9a90fa48-20240614

  victory-vendor@37.3.6:
    dependencies:
      '@types/d3-array': 3.2.2
      '@types/d3-ease': 3.0.2
      '@types/d3-interpolate': 3.0.4
      '@types/d3-scale': 4.0.9
      '@types/d3-shape': 3.1.7
      '@types/d3-time': 3.0.4
      '@types/d3-timer': 3.0.2
      d3-array: 3.2.4
      d3-ease: 3.0.1
      d3-interpolate: 3.0.1
      d3-scale: 4.0.2
      d3-shape: 3.2.0
      d3-time: 3.1.0
      d3-timer: 3.0.1
